// !$*UTF8*$!
{
	archiveVersion = 1;
	classes = {
	};
	objectVersion = 50;
	objects = {

/* Begin PBXBuildFile section */
		9487C7E9C62D6843D7128545 /* Pods_AppTasksDay.framework in Frameworks */ = {isa = PBXBuildFile; fileRef = 95C759EE777C6ACC47D60CB3 /* Pods_AppTasksDay.framework */; };
		DACA8BF320A20E30007035F8 /* AppDelegate.swift in Sources */ = {isa = PBXBuildFile; fileRef = DACA8BF220A20E30007035F8 /* AppDelegate.swift */; };
		DACA8BF520A20E30007035F8 /* TaskDayViewController.swift in Sources */ = {isa = PBXBuildFile; fileRef = DACA8BF420A20E30007035F8 /* TaskDayViewController.swift */; };
		DACA8BF820A20E30007035F8 /* TaskDay.storyboard in Resources */ = {isa = PBXBuildFile; fileRef = DACA8BF620A20E30007035F8 /* TaskDay.storyboard */; };
		DACA8BFA20A20E32007035F8 /* Assets.xcassets in Resources */ = {isa = PBXBuildFile; fileRef = DACA8BF920A20E32007035F8 /* Assets.xcassets */; };
		DACA8BFD20A20E32007035F8 /* LaunchScreen.storyboard in Resources */ = {isa = PBXBuildFile; fileRef = DACA8BFB20A20E32007035F8 /* LaunchScreen.storyboard */; };
		DACA8C0520A2169F007035F8 /* Tarea.swift in Sources */ = {isa = PBXBuildFile; fileRef = DACA8C0420A2169F007035F8 /* Tarea.swift */; };
		DACA8C0720A216FE007035F8 /* TaskTableViewCell.swift in Sources */ = {isa = PBXBuildFile; fileRef = DACA8C0620A216FE007035F8 /* TaskTableViewCell.swift */; };
		DAD91BD520A34ECE009C3F92 /* DBManager.swift in Sources */ = {isa = PBXBuildFile; fileRef = DAD91BD420A34ECE009C3F92 /* DBManager.swift */; };
/* End PBXBuildFile section */

/* Begin PBXFileReference section */
		43372A288C322DC28254BA20 /* Pods-AppTasksDay.release.xcconfig */ = {isa = PBXFileReference; includeInIndex = 1; lastKnownFileType = text.xcconfig; name = "Pods-AppTasksDay.release.xcconfig"; path = "Pods/Target Support Files/Pods-AppTasksDay/Pods-AppTasksDay.release.xcconfig"; sourceTree = "<group>"; };
		6EDF0A905C3A148BCC62D25B /* Pods-AppTasksDay.debug.xcconfig */ = {isa = PBXFileReference; includeInIndex = 1; lastKnownFileType = text.xcconfig; name = "Pods-AppTasksDay.debug.xcconfig"; path = "Pods/Target Support Files/Pods-AppTasksDay/Pods-AppTasksDay.debug.xcconfig"; sourceTree = "<group>"; };
		95C759EE777C6ACC47D60CB3 /* Pods_AppTasksDay.framework */ = {isa = PBXFileReference; explicitFileType = wrapper.framework; includeInIndex = 0; path = Pods_AppTasksDay.framework; sourceTree = BUILT_PRODUCTS_DIR; };
		DACA8BEF20A20E30007035F8 /* AppTasksDay.app */ = {isa = PBXFileReference; explicitFileType = wrapper.application; includeInIndex = 0; path = AppTasksDay.app; sourceTree = BUILT_PRODUCTS_DIR; };
		DACA8BF220A20E30007035F8 /* AppDelegate.swift */ = {isa = PBXFileReference; lastKnownFileType = sourcecode.swift; path = AppDelegate.swift; sourceTree = "<group>"; };
		DACA8BF420A20E30007035F8 /* TaskDayViewController.swift */ = {isa = PBXFileReference; lastKnownFileType = sourcecode.swift; path = TaskDayViewController.swift; sourceTree = "<group>"; };
		DACA8BF720A20E30007035F8 /* Base */ = {isa = PBXFileReference; lastKnownFileType = file.storyboard; name = Base; path = Base.lproj/TaskDay.storyboard; sourceTree = "<group>"; };
		DACA8BF920A20E32007035F8 /* Assets.xcassets */ = {isa = PBXFileReference; lastKnownFileType = folder.assetcatalog; path = Assets.xcassets; sourceTree = "<group>"; };
		DACA8BFC20A20E32007035F8 /* Base */ = {isa = PBXFileReference; lastKnownFileType = file.storyboard; name = Base; path = Base.lproj/LaunchScreen.storyboard; sourceTree = "<group>"; };
		DACA8BFE20A20E32007035F8 /* Info.plist */ = {isa = PBXFileReference; lastKnownFileType = text.plist.xml; path = Info.plist; sourceTree = "<group>"; };
		DACA8C0420A2169F007035F8 /* Tarea.swift */ = {isa = PBXFileReference; lastKnownFileType = sourcecode.swift; path = Tarea.swift; sourceTree = "<group>"; };
		DACA8C0620A216FE007035F8 /* TaskTableViewCell.swift */ = {isa = PBXFileReference; lastKnownFileType = sourcecode.swift; path = TaskTableViewCell.swift; sourceTree = "<group>"; };
		DAD91BD420A34ECE009C3F92 /* DBManager.swift */ = {isa = PBXFileReference; lastKnownFileType = sourcecode.swift; path = DBManager.swift; sourceTree = "<group>"; };
/* End PBXFileReference section */

/* Begin PBXFrameworksBuildPhase section */
		DACA8BEC20A20E30007035F8 /* Frameworks */ = {
			isa = PBXFrameworksBuildPhase;
			buildActionMask = 2147483647;
			files = (
				9487C7E9C62D6843D7128545 /* Pods_AppTasksDay.framework in Frameworks */,
			);
			runOnlyForDeploymentPostprocessing = 0;
		};
/* End PBXFrameworksBuildPhase section */

/* Begin PBXGroup section */
		62EAC467CA52715E9EFCA74D /* Frameworks */ = {
			isa = PBXGroup;
			children = (
				95C759EE777C6ACC47D60CB3 /* Pods_AppTasksDay.framework */,
			);
			name = Frameworks;
			sourceTree = "<group>";
		};
		6421F28A57DE796C71FB99BC /* Pods */ = {
			isa = PBXGroup;
			children = (
				6EDF0A905C3A148BCC62D25B /* Pods-AppTasksDay.debug.xcconfig */,
				43372A288C322DC28254BA20 /* Pods-AppTasksDay.release.xcconfig */,
			);
			name = Pods;
			sourceTree = "<group>";
		};
		DACA8BE620A20E30007035F8 = {
			isa = PBXGroup;
			children = (
				DACA8BF120A20E30007035F8 /* AppTasksDay */,
				DACA8BF020A20E30007035F8 /* Products */,
				6421F28A57DE796C71FB99BC /* Pods */,
				62EAC467CA52715E9EFCA74D /* Frameworks */,
			);
			sourceTree = "<group>";
		};
		DACA8BF020A20E30007035F8 /* Products */ = {
			isa = PBXGroup;
			children = (
				DACA8BEF20A20E30007035F8 /* AppTasksDay.app */,
			);
			name = Products;
			sourceTree = "<group>";
		};
		DACA8BF120A20E30007035F8 /* AppTasksDay */ = {
			isa = PBXGroup;
			children = (
				DACA8BF220A20E30007035F8 /* AppDelegate.swift */,
				DACA8BF420A20E30007035F8 /* TaskDayViewController.swift */,
				DACA8BF620A20E30007035F8 /* TaskDay.storyboard */,
				DACA8BF920A20E32007035F8 /* Assets.xcassets */,
				DACA8BFB20A20E32007035F8 /* LaunchScreen.storyboard */,
				DACA8BFE20A20E32007035F8 /* Info.plist */,
				DACA8C0420A2169F007035F8 /* Tarea.swift */,
				DACA8C0620A216FE007035F8 /* TaskTableViewCell.swift */,
				DAD91BD420A34ECE009C3F92 /* DBManager.swift */,
			);
			path = AppTasksDay;
			sourceTree = "<group>";
		};
/* End PBXGroup section */

/* Begin PBXNativeTarget section */
		DACA8BEE20A20E30007035F8 /* AppTasksDay */ = {
			isa = PBXNativeTarget;
			buildConfigurationList = DACA8C0120A20E32007035F8 /* Build configuration list for PBXNativeTarget "AppTasksDay" */;
			buildPhases = (
				D05FC8C907282C3EEFC2514A /* [CP] Check Pods Manifest.lock */,
				DACA8BEB20A20E30007035F8 /* Sources */,
				DACA8BEC20A20E30007035F8 /* Frameworks */,
				DACA8BED20A20E30007035F8 /* Resources */,
				A4F6BCB6B5162D7A5BAA2596 /* [CP] Embed Pods Frameworks */,
			);
			buildRules = (
			);
			dependencies = (
			);
			name = AppTasksDay;
			productName = AppTasksDay;
			productReference = DACA8BEF20A20E30007035F8 /* AppTasksDay.app */;
			productType = "com.apple.product-type.application";
		};
/* End PBXNativeTarget section */

/* Begin PBXProject section */
		DACA8BE720A20E30007035F8 /* Project object */ = {
			isa = PBXProject;
			attributes = {
				LastSwiftUpdateCheck = 0930;
				LastUpgradeCheck = 0930;
				ORGANIZATIONNAME = MacAMP;
				TargetAttributes = {
					DACA8BEE20A20E30007035F8 = {
						CreatedOnToolsVersion = 9.3;
					};
				};
			};
			buildConfigurationList = DACA8BEA20A20E30007035F8 /* Build configuration list for PBXProject "AppTasksDay" */;
			compatibilityVersion = "Xcode 9.3";
			developmentRegion = en;
			hasScannedForEncodings = 0;
			knownRegions = (
				en,
				Base,
			);
			mainGroup = DACA8BE620A20E30007035F8;
			productRefGroup = DACA8BF020A20E30007035F8 /* Products */;
			projectDirPath = "";
			projectRoot = "";
			targets = (
				DACA8BEE20A20E30007035F8 /* AppTasksDay */,
			);
		};
/* End PBXProject section */

/* Begin PBXResourcesBuildPhase section */
		DACA8BED20A20E30007035F8 /* Resources */ = {
			isa = PBXResourcesBuildPhase;
			buildActionMask = 2147483647;
			files = (
				DACA8BFD20A20E32007035F8 /* LaunchScreen.storyboard in Resources */,
				DACA8BFA20A20E32007035F8 /* Assets.xcassets in Resources */,
				DACA8BF820A20E30007035F8 /* TaskDay.storyboard in Resources */,
			);
			runOnlyForDeploymentPostprocessing = 0;
		};
/* End PBXResourcesBuildPhase section */

/* Begin PBXShellScriptBuildPhase section */
		A4F6BCB6B5162D7A5BAA2596 /* [CP] Embed Pods Frameworks */ = {
			isa = PBXShellScriptBuildPhase;
			buildActionMask = 2147483647;
			files = (
			);
			inputPaths = (
				"${SRCROOT}/Pods/Target Support Files/Pods-AppTasksDay/Pods-AppTasksDay-frameworks.sh",
				"${BUILT_PRODUCTS_DIR}/Realm/Realm.framework",
				"${BUILT_PRODUCTS_DIR}/RealmSwift/RealmSwift.framework",
			);
			name = "[CP] Embed Pods Frameworks";
			outputPaths = (
				"${TARGET_BUILD_DIR}/${FRAMEWORKS_FOLDER_PATH}/Realm.framework",
				"${TARGET_BUILD_DIR}/${FRAMEWORKS_FOLDER_PATH}/RealmSwift.framework",
			);
			runOnlyForDeploymentPostprocessing = 0;
			shellPath = /bin/sh;
			shellScript = "\"${SRCROOT}/Pods/Target Support Files/Pods-AppTasksDay/Pods-AppTasksDay-frameworks.sh\"\n";
			showEnvVarsInLog = 0;
		};
		D05FC8C907282C3EEFC2514A /* [CP] Check Pods Manifest.lock */ = {
			isa = PBXShellScriptBuildPhase;
			buildActionMask = 2147483647;
			files = (
			);
			inputPaths = (
				"${PODS_PODFILE_DIR_PATH}/Podfile.lock",
				"${PODS_ROOT}/Manifest.lock",
			);
			name = "[CP] Check Pods Manifest.lock";
			outputPaths = (
				"$(DERIVED_FILE_DIR)/Pods-AppTasksDay-checkManifestLockResult.txt",
			);
			runOnlyForDeploymentPostprocessing = 0;
			shellPath = /bin/sh;
			shellScript = "diff \"${PODS_PODFILE_DIR_PATH}/Podfile.lock\" \"${PODS_ROOT}/Manifest.lock\" > /dev/null\nif [ $? != 0 ] ; then\n    # print error to STDERR\n    echo \"error: The sandbox is not in sync with the Podfile.lock. Run 'pod install' or update your CocoaPods installation.\" >&2\n    exit 1\nfi\n# This output is used by Xcode 'outputs' to avoid re-running this script phase.\necho \"SUCCESS\" > \"${SCRIPT_OUTPUT_FILE_0}\"\n";
			showEnvVarsInLog = 0;
		};
/* End PBXShellScriptBuildPhase section */

/* Begin PBXSourcesBuildPhase section */
		DACA8BEB20A20E30007035F8 /* Sources */ = {
			isa = PBXSourcesBuildPhase;
			buildActionMask = 2147483647;
			files = (
				DAD91BD520A34ECE009C3F92 /* DBManager.swift in Sources */,
				DACA8C0720A216FE007035F8 /* TaskTableViewCell.swift in Sources */,
				DACA8BF520A20E30007035F8 /* TaskDayViewController.swift in Sources */,
				DACA8BF320A20E30007035F8 /* AppDelegate.swift in Sources */,
				DACA8C0520A2169F007035F8 /* Tarea.swift in Sources */,
			);
			runOnlyForDeploymentPostprocessing = 0;
		};
/* End PBXSourcesBuildPhase section */

/* Begin PBXVariantGroup section */
		DACA8BF620A20E30007035F8 /* TaskDay.storyboard */ = {
			isa = PBXVariantGroup;
			children = (
				DACA8BF720A20E30007035F8 /* Base */,
			);
			name = TaskDay.storyboard;
			sourceTree = "<group>";
		};
		DACA8BFB20A20E32007035F8 /* LaunchScreen.storyboard */ = {
			isa = PBXVariantGroup;
			children = (
				DACA8BFC20A20E32007035F8 /* Base */,
			);
			name = LaunchScreen.storyboard;
			sourceTree = "<group>";
		};
/* End PBXVariantGroup section */

/* Begin XCBuildConfiguration section */
		DACA8BFF20A20E32007035F8 /* Debug */ = {
			isa = XCBuildConfiguration;
			buildSettings = {
				ALWAYS_SEARCH_USER_PATHS = NO;
				CLANG_ANALYZER_NONNULL = YES;
				CLANG_ANALYZER_NUMBER_OBJECT_CONVERSION = YES_AGGRESSIVE;
				CLANG_CXX_LANGUAGE_STANDARD = "gnu++14";
				CLANG_CXX_LIBRARY = "libc++";
				CLANG_ENABLE_MODULES = YES;
				CLANG_ENABLE_OBJC_ARC = YES;
				CLANG_ENABLE_OBJC_WEAK = YES;
				CLANG_WARN_BLOCK_CAPTURE_AUTORELEASING = YES;
				CLANG_WARN_BOOL_CONVERSION = YES;
				CLANG_WARN_COMMA = YES;
				CLANG_WARN_CONSTANT_CONVERSION = YES;
				CLANG_WARN_DEPRECATED_OBJC_IMPLEMENTATIONS = YES;
				CLANG_WARN_DIRECT_OBJC_ISA_USAGE = YES_ERROR;
				CLANG_WARN_DOCUMENTATION_COMMENTS = YES;
				CLANG_WARN_EMPTY_BODY = YES;
				CLANG_WARN_ENUM_CONVERSION = YES;
				CLANG_WARN_INFINITE_RECURSION = YES;
				CLANG_WARN_INT_CONVERSION = YES;
				CLANG_WARN_NON_LITERAL_NULL_CONVERSION = YES;
				CLANG_WARN_OBJC_IMPLICIT_RETAIN_SELF = YES;
				CLANG_WARN_OBJC_LITERAL_CONVERSION = YES;
				CLANG_WARN_OBJC_ROOT_CLASS = YES_ERROR;
				CLANG_WARN_RANGE_LOOP_ANALYSIS = YES;
				CLANG_WARN_STRICT_PROTOTYPES = YES;
				CLANG_WARN_SUSPICIOUS_MOVE = YES;
				CLANG_WARN_UNGUARDED_AVAILABILITY = YES_AGGRESSIVE;
				CLANG_WARN_UNREACHABLE_CODE = YES;
				CLANG_WARN__DUPLICATE_METHOD_MATCH = YES;
				CODE_SIGN_IDENTITY = "iPhone Developer";
				COPY_PHASE_STRIP = NO;
				DEBUG_INFORMATION_FORMAT = dwarf;
				ENABLE_STRICT_OBJC_MSGSEND = YES;
				ENABLE_TESTABILITY = YES;
				GCC_C_LANGUAGE_STANDARD = gnu11;
				GCC_DYNAMIC_NO_PIC = NO;
				GCC_NO_COMMON_BLOCKS = YES;
				GCC_OPTIMIZATION_LEVEL = 0;
				GCC_PREPROCESSOR_DEFINITIONS = (
					"DEBUG=1",
					"$(inherited)",
				);
				GCC_WARN_64_TO_32_BIT_CONVERSION = YES;
				GCC_WARN_ABOUT_RETURN_TYPE = YES_ERROR;
				GCC_WARN_UNDECLARED_SELECTOR = YES;
				GCC_WARN_UNINITIALIZED_AUTOS = YES_AGGRESSIVE;
				GCC_WARN_UNUSED_FUNCTION = YES;
				GCC_WARN_UNUSED_VARIABLE = YES;
				IPHONEOS_DEPLOYMENT_TARGET = 11.3;
				MTL_ENABLE_DEBUG_INFO = YES;
				ONLY_ACTIVE_ARCH = YES;
				SDKROOT = iphoneos;
				SWIFT_ACTIVE_COMPILATION_CONDITIONS = DEBUG;
				SWIFT_OPTIMIZATION_LEVEL = "-Onone";
			};
			name = Debug;
		};
		DACA8C0020A20E32007035F8 /* Release */ = {
			isa = XCBuildConfiguration;
			buildSettings = {
				ALWAYS_SEARCH_USER_PATHS = NO;
				CLANG_ANALYZER_NONNULL = YES;
				CLANG_ANALYZER_NUMBER_OBJECT_CONVERSION = YES_AGGRESSIVE;
				CLANG_CXX_LANGUAGE_STANDARD = "gnu++14";
				CLANG_CXX_LIBRARY = "libc++";
				CLANG_ENABLE_MODULES = YES;
				CLANG_ENABLE_OBJC_ARC = YES;
				CLANG_ENABLE_OBJC_WEAK = YES;
				CLANG_WARN_BLOCK_CAPTURE_AUTORELEASING = YES;
				CLANG_WARN_BOOL_CONVERSION = YES;
				CLANG_WARN_COMMA = YES;
				CLANG_WARN_CONSTANT_CONVERSION = YES;
				CLANG_WARN_DEPRECATED_OBJC_IMPLEMENTATIONS = YES;
				CLANG_WARN_DIRECT_OBJC_ISA_USAGE = YES_ERROR;
				CLANG_WARN_DOCUMENTATION_COMMENTS = YES;
				CLANG_WARN_EMPTY_BODY = YES;
				CLANG_WARN_ENUM_CONVERSION = YES;
				CLANG_WARN_INFINITE_RECURSION = YES;
				CLANG_WARN_INT_CONVERSION = YES;
				CLANG_WARN_NON_LITERAL_NULL_CONVERSION = YES;
				CLANG_WARN_OBJC_IMPLICIT_RETAIN_SELF = YES;
				CLANG_WARN_OBJC_LITERAL_CONVERSION = YES;
				CLANG_WARN_OBJC_ROOT_CLASS = YES_ERROR;
				CLANG_WARN_RANGE_LOOP_ANALYSIS = YES;
				CLANG_WARN_STRICT_PROTOTYPES = YES;
				CLANG_WARN_SUSPICIOUS_MOVE = YES;
				CLANG_WARN_UNGUARDED_AVAILABILITY = YES_AGGRESSIVE;
				CLANG_WARN_UNREACHABLE_CODE = YES;
				CLANG_WARN__DUPLICATE_METHOD_MATCH = YES;
				CODE_SIGN_IDENTITY = "iPhone Developer";
				COPY_PHASE_STRIP = NO;
				DEBUG_INFORMATION_FORMAT = "dwarf-with-dsym";
				ENABLE_NS_ASSERTIONS = NO;
				ENABLE_STRICT_OBJC_MSGSEND = YES;
				GCC_C_LANGUAGE_STANDARD = gnu11;
				GCC_NO_COMMON_BLOCKS = YES;
				GCC_WARN_64_TO_32_BIT_CONVERSION = YES;
				GCC_WARN_ABOUT_RETURN_TYPE = YES_ERROR;
				GCC_WARN_UNDECLARED_SELECTOR = YES;
				GCC_WARN_UNINITIALIZED_AUTOS = YES_AGGRESSIVE;
				GCC_WARN_UNUSED_FUNCTION = YES;
				GCC_WARN_UNUSED_VARIABLE = YES;
				IPHONEOS_DEPLOYMENT_TARGET = 11.3;
				MTL_ENABLE_DEBUG_INFO = NO;
				SDKROOT = iphoneos;
				SWIFT_COMPILATION_MODE = wholemodule;
				SWIFT_OPTIMIZATION_LEVEL = "-O";
				VALIDATE_PRODUCT = YES;
			};
			name = Release;
		};
		DACA8C0220A20E32007035F8 /* Debug */ = {
			isa = XCBuildConfiguration;
			baseConfigurationReference = 6EDF0A905C3A148BCC62D25B /* Pods-AppTasksDay.debug.xcconfig */;
			buildSettings = {
				ASSETCATALOG_COMPILER_APPICON_NAME = AppIcon;
				CODE_SIGN_STYLE = Automatic;
				DEVELOPMENT_TEAM = 778N4TU227;
				INFOPLIST_FILE = AppTasksDay/Info.plist;
				LD_RUNPATH_SEARCH_PATHS = (
					"$(inherited)",
					"@executable_path/Frameworks",
				);
				PRODUCT_BUNDLE_IDENTIFIER = everis.AppTasksDay;
				PRODUCT_NAME = "$(TARGET_NAME)";
				SWIFT_VERSION = 4.0;
				TARGETED_DEVICE_FAMILY = "1,2";
			};
			name = Debug;
		};
		DACA8C0320A20E32007035F8 /* Release */ = {
			isa = XCBuildConfiguration;
			baseConfigurationReference = 43372A288C322DC28254BA20 /* Pods-AppTasksDay.release.xcconfig */;
			buildSettings = {
				ASSETCATALOG_COMPILER_APPICON_NAME = AppIcon;
				CODE_SIGN_STYLE = Automatic;
				DEVELOPMENT_TEAM = 778N4TU227;
				INFOPLIST_FILE = AppTasksDay/Info.plist;
				LD_RUNPATH_SEARCH_PATHS = (
					"$(inherited)",
					"@executable_path/Frameworks",
				);
				PRODUCT_BUNDLE_IDENTIFIER = everis.AppTasksDay;
				PRODUCT_NAME = "$(TARGET_NAME)";
				SWIFT_VERSION = 4.0;
				TARGETED_DEVICE_FAMILY = "1,2";
			};
			name = Release;
		};
/* End XCBuildConfiguration section */

/* Begin XCConfigurationList section */
		DACA8BEA20A20E30007035F8 /* Build configuration list for PBXProject "AppTasksDay" */ = {
			isa = XCConfigurationList;
			buildConfigurations = (
				DACA8BFF20A20E32007035F8 /* Debug */,
				DACA8C0020A20E32007035F8 /* Release */,
			);
			defaultConfigurationIsVisible = 0;
			defaultConfigurationName = Release;
		};
		DACA8C0120A20E32007035F8 /* Build configuration list for PBXNativeTarget "AppTasksDay" */ = {
			isa = XCConfigurationList;
			buildConfigurations = (
				DACA8C0220A20E32007035F8 /* Debug */,
				DACA8C0320A20E32007035F8 /* Release */,
			);
			defaultConfigurationIsVisible = 0;
			defaultConfigurationName = Release;
		};
/* End XCConfigurationList section */
	};
	rootObject = DACA8BE720A20E30007035F8 /* Project object */;
}
